
Microsoft Visual Studio Solution File, Format Version 12.00
# Visual Studio Version 17
VisualStudioVersion = 17.3.32901.215
MinimumVisualStudioVersion = 10.0.40219.1
Project("{FAE04EC0-301F-11D3-BF4B-00C04F79EFBC}") = "GetFiles2CSharp", "GetFiles2CSharp.csproj", "{708EC3CD-4B26-4187-8EBA-FB47019EF0CC}"
EndProject
Global
	GlobalSection(SolutionConfigurationPlatforms) = preSolution
		Debug|Any CPU = Debug|Any CPU
		Release|Any CPU = Release|Any CPU
	EndGlobalSection
	GlobalSection(ProjectConfigurationPlatforms) = postSolution
		{708EC3CD-4B26-4187-8EBA-FB47019EF0CC}.Debug|Any CPU.ActiveCfg = Debug|Any CPU
		{708EC3CD-4B26-4187-8EBA-FB47019EF0CC}.Debug|Any CPU.Build.0 = Debug|Any CPU
		{708EC3CD-4B26-4187-8EBA-FB47019EF0CC}.Release|Any CPU.ActiveCfg = Release|Any CPU
		{708EC3CD-4B26-4187-8EBA-FB47019EF0CC}.Release|Any CPU.Build.0 = Release|Any CPU
	EndGlobalSection
	GlobalSection(SolutionProperties) = preSolution
		HideSolutionNode = FALSE
	EndGlobalSection
	GlobalSection(ExtensibilityGlobals) = postSolution
		SolutionGuid = {CB1981B5-C53B-49B0-ACEA-C6636447BC17}
	EndGlobalSection
EndGlobal
